{
    "_meta": {
        "hash": {
            "sha256": "9d4a6af252b8d023967a12f565a2c7f17868ecc4ed7a582e84aa1710124bbba6"
        },
        "pipfile-spec": 6,
        "requires": {
            "python_version": "3.8"
        },
        "sources": [
            {
                "name": "pypi",
                "url": "https://pypi.org/simple",
                "verify_ssl": true
            }
        ]
    },
    "default": {
        "confluent-kafka": {
            "hashes": [
                "sha256:066856f43b248c6634f43a01bb5798c1acf8553fcad0ee04f353643a2473b788",
                "sha256:0eca04a9321de8172a5563d79ee3d09b93ec5811616502361af96b22070465ef",
                "sha256:1446e5d8502694f4a9140ace087567b85300bd9766a532e006f2f6e9c6e99284",
                "sha256:2008aeca66112722d3bcbff0baa40e129bdc6747755d5e71409493f2b56ffa36",
                "sha256:2f87004473718d1976f57c9e23307c216daf8cbd47ffa7115ef0ce48963c9c69",
                "sha256:41590186d9528b4a9e3a6116551918471f41e82f54438742f1c8ecbe2441d1c3",
                "sha256:45fa3b9d4d015c099dcb5fd77cbc0d40f6683afe9a9b279c82fb0ed814e11724",
                "sha256:49312cd1dce9963578669412831c55a83dc42ced0af975fe8a885860d4439505",
                "sha256:4a93eccaab455ab4ad70cdd22f2e15b9fd5607a019dd08cd95b04308193f84cb",
                "sha256:5559cb175cb668f53e4a053d921a06393aaf2a16b14cd807439e93d7100b1594",
                "sha256:7cec61388faf7d122ae0bfb7948bdb1333ad8bd95a6cdc50eac97342e0faff75",
                "sha256:80b87db486566067f7a24955f33db0fe74af977938c917216fe709b0332f668e",
                "sha256:9ea5916b7537e5679011387336c101433567587d3862351e75c8bb8d0dc3d838",
                "sha256:c3bfe2a13efb0bb810146466175038c0202b8e5f14a9a37ca494bbd777f26870",
                "sha256:dee2f5d3a193dd0b5500e4e129b7da9f662b49f5a9b8a13cb6b8af72c69c534b",
                "sha256:e1e0aeaff2afba8138d5c103589bde1c3d8f870606d00115df03adffbffd368f",
                "sha256:f46a445556831a23b356bcc6211aab8a09b5e709ec956bce01237b3152eeb166",
                "sha256:f85c80a6b37bf60caa8118d2be205380e037e389769ee92b15cc733e3044e17a",
                "sha256:fa1cbc113809a0aa1f8b33c4ec2cf246fcbc329c3b9e40054514d4c95ffd44e4",
                "sha256:fb23fd087695cf1753a43bf77173e9c87f535b9293b94b7f29f17461c1ba9eb5",
                "sha256:fdca4a62ed61ae8d77758f3df163c7959a1757a2cd37f0f54a15f7f347841b59"
            ],
            "index": "pypi",
            "version": "==1.9.0"
        },
        "faker": {
            "hashes": [
                "sha256:172e45220b7a46743f4fb58cf380adb306d5c3ab1c0b0d97062508474cec5ff8",
                "sha256:7c3f8ee807d3916415568169a172bf0893ea9cc3371ab55e4e5f5170d2185bea"
            ],
            "index": "pypi",
            "version": "==13.15.1"
        },
        "python-dateutil": {
            "hashes": [
                "sha256:0123cacc1627ae19ddf3c27a5de5bd67ee4586fbdd6440d9748f8abb483d3e86",
                "sha256:961d03dc3453ebbc59dbdea9e4e11c5651520a876d0f4db161e8674aae935da9"
            ],
            "markers": "python_version >= '2.7' and python_version not in '3.0, 3.1, 3.2, 3.3'",
            "version": "==2.8.2"
        },
        "six": {
            "hashes": [
                "sha256:1e61c37477a1626458e36f7b1d82aa5c9b094fa4802892072e49de9c60c4c926",
                "sha256:8abb2f1d86890a2dfb989f9a77cfcfd3e47c2a354b01111771326f8aa26e0254"
            ],
            "markers": "python_version >= '2.7' and python_version not in '3.0, 3.1, 3.2, 3.3'",
            "version": "==1.16.0"
        }
    },
    "develop": {
        "attrs": {
            "hashes": [
                "sha256:2d27e3784d7a565d36ab851fe94887c5eccd6a463168875832a1be79c82828b4",
                "sha256:626ba8234211db98e869df76230a137c4c40a12d72445c45d5f5b716f076e2fd"
            ],
            "markers": "python_version >= '2.7' and python_version not in '3.0, 3.1, 3.2, 3.3, 3.4'",
            "version": "==21.4.0"
        },
        "iniconfig": {
            "hashes": [
                "sha256:011e24c64b7f47f6ebd835bb12a743f2fbe9a26d4cecaa7f53bc4f35ee9da8b3",
                "sha256:bc3af051d7d14b2ee5ef9969666def0cd1a000e121eaea580d4a313df4b37f32"
            ],
            "version": "==1.1.1"
        },
        "packaging": {
            "hashes": [
                "sha256:dd47c42927d89ab911e606518907cc2d3a1f38bbd026385970643f9c5b8ecfeb",
                "sha256:ef103e05f519cdc783ae24ea4e2e0f508a9c99b2d4969652eed6a2e1ea5bd522"
            ],
            "markers": "python_version >= '3.6'",
            "version": "==21.3"
        },
        "pluggy": {
            "hashes": [
                "sha256:4224373bacce55f955a878bf9cfa763c1e360858e330072059e10bad68531159",
                "sha256:74134bbf457f031a36d68416e1509f34bd5ccc019f0bcc952c7b909d06b37bd3"
            ],
            "markers": "python_version >= '3.6'",
            "version": "==1.0.0"
        },
        "py": {
            "hashes": [
                "sha256:51c75c4126074b472f746a24399ad32f6053d1b34b68d2fa41e558e6f4a98719",
                "sha256:607c53218732647dff4acdfcd50cb62615cedf612e72d1724fb1a0cc6405b378"
            ],
            "markers": "python_version >= '2.7' and python_version not in '3.0, 3.1, 3.2, 3.3, 3.4'",
            "version": "==1.11.0"
        },
        "pyparsing": {
            "hashes": [
                "sha256:2b020ecf7d21b687f219b71ecad3631f644a47f01403fa1d1036b0c6416d70fb",
                "sha256:5026bae9a10eeaefb61dab2f09052b9f4307d44aee4eda64b309723d8d206bbc"
            ],
            "markers": "python_full_version >= '3.6.8'",
            "version": "==3.0.9"
        },
        "pytest": {
            "hashes": [
                "sha256:13d0e3ccfc2b6e26be000cb6568c832ba67ba32e719443bfe725814d3c42433c",
                "sha256:a06a0425453864a270bc45e71f783330a7428defb4230fb5e6a731fde06ecd45"
            ],
            "index": "pypi",
            "version": "==7.1.2"
        },
        "pytest-mock": {
            "hashes": [
                "sha256:77f03f4554392558700295e05aed0b1096a20d4a60a4f3ddcde58b0c31c8fca2",
                "sha256:8a9e226d6c0ef09fcf20c94eb3405c388af438a90f3e39687f84166da82d5948"
            ],
            "index": "pypi",
            "version": "==3.8.2"
        },
        "tomli": {
            "hashes": [
                "sha256:939de3e7a6161af0c887ef91b7d41a53e7c5a1ca976325f429cb46ea9bc30ecc",
                "sha256:de526c12914f0c550d15924c62d72abc48d6fe7364aa87328337a31007fe8a4f"
            ],
            "markers": "python_version >= '3.7'",
            "version": "==2.0.1"
        }
    }
}
